dependencies:
- name: metallb
  repository: file://./dependencies/metallb
  version: 0.15.2
- name: ingress-nginx
  repository: file://./dependencies/ingress-nginx
  version: 4.14.0
digest: sha256:7a74f9167e625057d045c121a01e5fb17af34493c21063c5907a1e7d3b901b5f
generated: "2025-11-17T22:49:57.869841536+07:00"
